
Microsoft Visual Studio Solution File, Format Version 12.00
# Visual Studio Version 16
VisualStudioVersion = 25.0.1704.5
MinimumVisualStudioVersion = 10.0.40219.1
Project("{FAE04EC0-301F-11D3-BF4B-00C04F79EFBC}") = "PianoDataApp", "PianoDataApp.csproj", "{4436FEA2-9750-40EA-A6DE-BBFEBF462E2A}"
EndProject
Global
	GlobalSection(SolutionConfigurationPlatforms) = preSolution
		Debug|Any CPU = Debug|Any CPU
		Release|Any CPU = Release|Any CPU
	EndGlobalSection
	GlobalSection(ProjectConfigurationPlatforms) = postSolution
		{4436FEA2-9750-40EA-A6DE-BBFEBF462E2A}.Debug|Any CPU.ActiveCfg = Debug|Any CPU
		{4436FEA2-9750-40EA-A6DE-BBFEBF462E2A}.Debug|Any CPU.Build.0 = Debug|Any CPU
		{4436FEA2-9750-40EA-A6DE-BBFEBF462E2A}.Release|Any CPU.ActiveCfg = Release|Any CPU
		{4436FEA2-9750-40EA-A6DE-BBFEBF462E2A}.Release|Any CPU.Build.0 = Release|Any CPU
	EndGlobalSection
	GlobalSection(SolutionProperties) = preSolution
		HideSolutionNode = FALSE
	EndGlobalSection
	GlobalSection(ExtensibilityGlobals) = postSolution
		SolutionGuid = {BDA5FE40-533D-4A82-AFBD-C84A6E261248}
	EndGlobalSection
EndGlobal
